
Microsoft Visual Studio Solution File, Format Version 12.00
# Visual Studio Version 17
VisualStudioVersion = 17.13.35931.197 d17.13
MinimumVisualStudioVersion = 10.0.40219.1
Project("{FAE04EC0-301F-11D3-BF4B-00C04F79EFBC}") = "practice7C#", "practice7C#\practice7C#.csproj", "{9F1922DC-F311-4D09-8038-136349A17CDD}"
EndProject
Global
	GlobalSection(SolutionConfigurationPlatforms) = preSolution
		Debug|Any CPU = Debug|Any CPU
		Release|Any CPU = Release|Any CPU
	EndGlobalSection
	GlobalSection(ProjectConfigurationPlatforms) = postSolution
		{9F1922DC-F311-4D09-8038-136349A17CDD}.Debug|Any CPU.ActiveCfg = Debug|Any CPU
		{9F1922DC-F311-4D09-8038-136349A17CDD}.Debug|Any CPU.Build.0 = Debug|Any CPU
		{9F1922DC-F311-4D09-8038-136349A17CDD}.Release|Any CPU.ActiveCfg = Release|Any CPU
		{9F1922DC-F311-4D09-8038-136349A17CDD}.Release|Any CPU.Build.0 = Release|Any CPU
	EndGlobalSection
	GlobalSection(SolutionProperties) = preSolution
		HideSolutionNode = FALSE
	EndGlobalSection
	GlobalSection(ExtensibilityGlobals) = postSolution
		SolutionGuid = {3E1B32EB-D073-427E-98B9-6DA612AAAAB1}
	EndGlobalSection
EndGlobal
